
Microsoft Visual Studio Solution File, Format Version 12.00
# Visual Studio Version 16
VisualStudioVersion = 16.0.30523.141
MinimumVisualStudioVersion = 10.0.40219.1
Project("{FAE04EC0-301F-11D3-BF4B-00C04F79EFBC}") = "CarnivalCrawler", "CarnivalCrawler.csproj", "{C8490F2F-D2D8-40BC-961F-88998074ECF1}"
EndProject
Global
	GlobalSection(SolutionConfigurationPlatforms) = preSolution
		Debug|Any CPU = Debug|Any CPU
		Release|Any CPU = Release|Any CPU
	EndGlobalSection
	GlobalSection(ProjectConfigurationPlatforms) = postSolution
		{C8490F2F-D2D8-40BC-961F-88998074ECF1}.Debug|Any CPU.ActiveCfg = Debug|Any CPU
		{C8490F2F-D2D8-40BC-961F-88998074ECF1}.Debug|Any CPU.Build.0 = Debug|Any CPU
		{C8490F2F-D2D8-40BC-961F-88998074ECF1}.Release|Any CPU.ActiveCfg = Release|Any CPU
		{C8490F2F-D2D8-40BC-961F-88998074ECF1}.Release|Any CPU.Build.0 = Release|Any CPU
	EndGlobalSection
	GlobalSection(SolutionProperties) = preSolution
		HideSolutionNode = FALSE
	EndGlobalSection
	GlobalSection(ExtensibilityGlobals) = postSolution
		SolutionGuid = {340AF31A-2FA8-49B6-9AD0-D2C115989DF4}
	EndGlobalSection
EndGlobal
